// !$*UTF8*$!
{
	archiveVersion = 1;
	classes = {
	};
	objectVersion = 46;
	objects = {

/* Begin PBXBuildFile section */
		94F00F561784F396007CFE1C /* Foundation.framework in Frameworks */ = {isa = PBXBuildFile; fileRef = 94F00F551784F396007CFE1C /* Foundation.framework */; };
		94F00F581784F396007CFE1C /* CoreGraphics.framework in Frameworks */ = {isa = PBXBuildFile; fileRef = 94F00F571784F396007CFE1C /* CoreGraphics.framework */; };
		94F00F5A1784F396007CFE1C /* UIKit.framework in Frameworks */ = {isa = PBXBuildFile; fileRef = 94F00F591784F396007CFE1C /* UIKit.framework */; };
		94F00F601784F396007CFE1C /* InfoPlist.strings in Resources */ = {isa = PBXBuildFile; fileRef = 94F00F5E1784F396007CFE1C /* InfoPlist.strings */; };
		94F00F621784F396007CFE1C /* main.m in Sources */ = {isa = PBXBuildFile; fileRef = 94F00F611784F396007CFE1C /* main.m */; };
		94F00F661784F396007CFE1C /* AppDelegate.m in Sources */ = {isa = PBXBuildFile; fileRef = 94F00F651784F396007CFE1C /* AppDelegate.m */; };
		94F00F691784F396007CFE1C /* Main.storyboard in Resources */ = {isa = PBXBuildFile; fileRef = 94F00F671784F396007CFE1C /* Main.storyboard */; };
		94F00F6C1784F396007CFE1C /* MasterViewController.m in Sources */ = {isa = PBXBuildFile; fileRef = 94F00F6B1784F396007CFE1C /* MasterViewController.m */; };
		94F00F6F1784F396007CFE1C /* DetailViewController.m in Sources */ = {isa = PBXBuildFile; fileRef = 94F00F6E1784F396007CFE1C /* DetailViewController.m */; };
		94F00F711784F396007CFE1C /* Images.xcassets in Resources */ = {isa = PBXBuildFile; fileRef = 94F00F701784F396007CFE1C /* Images.xcassets */; };
		94F00F781784F396007CFE1C /* XCTest.framework in Frameworks */ = {isa = PBXBuildFile; fileRef = 94F00F771784F396007CFE1C /* XCTest.framework */; };
		94F00F791784F396007CFE1C /* Foundation.framework in Frameworks */ = {isa = PBXBuildFile; fileRef = 94F00F551784F396007CFE1C /* Foundation.framework */; };
		94F00F7A1784F396007CFE1C /* UIKit.framework in Frameworks */ = {isa = PBXBuildFile; fileRef = 94F00F591784F396007CFE1C /* UIKit.framework */; };
		94F00F821784F396007CFE1C /* InfoPlist.strings in Resources */ = {isa = PBXBuildFile; fileRef = 94F00F801784F396007CFE1C /* InfoPlist.strings */; };
		94F00F841784F396007CFE1C /* CoffeeFinderTests.m in Sources */ = {isa = PBXBuildFile; fileRef = 94F00F831784F396007CFE1C /* CoffeeFinderTests.m */; };
		94F00F9E1784F4D8007CFE1C /* CFNetwork.framework in Frameworks */ = {isa = PBXBuildFile; fileRef = 94F00F9D1784F4D8007CFE1C /* CFNetwork.framework */; };
		94F00FA01784F4DE007CFE1C /* CoreData.framework in Frameworks */ = {isa = PBXBuildFile; fileRef = 94F00F9F1784F4DE007CFE1C /* CoreData.framework */; };
		94F00FA21784F4E9007CFE1C /* libxml2.dylib in Frameworks */ = {isa = PBXBuildFile; fileRef = 94F00FA11784F4E9007CFE1C /* libxml2.dylib */; };
		94F00FA41784F4F0007CFE1C /* MobileCoreServices.framework in Frameworks */ = {isa = PBXBuildFile; fileRef = 94F00FA31784F4F0007CFE1C /* MobileCoreServices.framework */; };
		94F00FB71784F601007CFE1C /* Security.framework in Frameworks */ = {isa = PBXBuildFile; fileRef = 94F00FB61784F601007CFE1C /* Security.framework */; };
		94F00FB91784F60B007CFE1C /* SystemConfiguration.framework in Frameworks */ = {isa = PBXBuildFile; fileRef = 94F00FB81784F60B007CFE1C /* SystemConfiguration.framework */; };
		94F00FBB1784F617007CFE1C /* QuartzCore.framework in Frameworks */ = {isa = PBXBuildFile; fileRef = 94F00FBA1784F617007CFE1C /* QuartzCore.framework */; };
		94F00FBC1784F66D007CFE1C /* libRestKit.a in Frameworks */ = {isa = PBXBuildFile; fileRef = 94F00FAD1784F5A3007CFE1C /* libRestKit.a */; };
		94F00FBF1784F87B007CFE1C /* Venue.m in Sources */ = {isa = PBXBuildFile; fileRef = 94F00FBE1784F86D007CFE1C /* Venue.m */; };
		94F00FC217850815007CFE1C /* Location.m in Sources */ = {isa = PBXBuildFile; fileRef = 94F00FC117850815007CFE1C /* Location.m */; };
		94F00FC41785114E007CFE1C /* CoreLocation.framework in Frameworks */ = {isa = PBXBuildFile; fileRef = 94F00FC31785114E007CFE1C /* CoreLocation.framework */; };
/* End PBXBuildFile section */

/* Begin PBXContainerItemProxy section */
		94F00F7B1784F396007CFE1C /* PBXContainerItemProxy */ = {
			isa = PBXContainerItemProxy;
			containerPortal = 94F00F4A1784F395007CFE1C /* Project object */;
			proxyType = 1;
			remoteGlobalIDString = 94F00F511784F395007CFE1C;
			remoteInfo = CoffeeFinder;
		};
		94F00FAC1784F5A3007CFE1C /* PBXContainerItemProxy */ = {
			isa = PBXContainerItemProxy;
			containerPortal = 94F00FA51784F5A3007CFE1C /* RestKit.xcodeproj */;
			proxyType = 2;
			remoteGlobalIDString = 25160D1614564E810060A5C5;
			remoteInfo = RestKit;
		};
		94F00FAE1784F5A3007CFE1C /* PBXContainerItemProxy */ = {
			isa = PBXContainerItemProxy;
			containerPortal = 94F00FA51784F5A3007CFE1C /* RestKit.xcodeproj */;
			proxyType = 2;
			remoteGlobalIDString = 25160D2614564E820060A5C5;
			remoteInfo = RestKitTests;
		};
		94F00FB01784F5A3007CFE1C /* PBXContainerItemProxy */ = {
			isa = PBXContainerItemProxy;
			containerPortal = 94F00FA51784F5A3007CFE1C /* RestKit.xcodeproj */;
			proxyType = 2;
			remoteGlobalIDString = 25160E62145651060060A5C5;
			remoteInfo = RestKitFramework;
		};
		94F00FB21784F5A3007CFE1C /* PBXContainerItemProxy */ = {
			isa = PBXContainerItemProxy;
			containerPortal = 94F00FA51784F5A3007CFE1C /* RestKit.xcodeproj */;
			proxyType = 2;
			remoteGlobalIDString = 25160E78145651060060A5C5;
			remoteInfo = RestKitFrameworkTests;
		};
		94F00FB41784F5D1007CFE1C /* PBXContainerItemProxy */ = {
			isa = PBXContainerItemProxy;
			containerPortal = 94F00FA51784F5A3007CFE1C /* RestKit.xcodeproj */;
			proxyType = 1;
			remoteGlobalIDString = 25160D1514564E810060A5C5;
			remoteInfo = RestKit;
		};
/* End PBXContainerItemProxy section */

/* Begin PBXFileReference section */
		94F00F521784F395007CFE1C /* CoffeeFinder.app */ = {isa = PBXFileReference; explicitFileType = wrapper.application; includeInIndex = 0; path = CoffeeFinder.app; sourceTree = BUILT_PRODUCTS_DIR; };
		94F00F551784F396007CFE1C /* Foundation.framework */ = {isa = PBXFileReference; lastKnownFileType = wrapper.framework; name = Foundation.framework; path = System/Library/Frameworks/Foundation.framework; sourceTree = SDKROOT; };
		94F00F571784F396007CFE1C /* CoreGraphics.framework */ = {isa = PBXFileReference; lastKnownFileType = wrapper.framework; name = CoreGraphics.framework; path = System/Library/Frameworks/CoreGraphics.framework; sourceTree = SDKROOT; };
		94F00F591784F396007CFE1C /* UIKit.framework */ = {isa = PBXFileReference; lastKnownFileType = wrapper.framework; name = UIKit.framework; path = System/Library/Frameworks/UIKit.framework; sourceTree = SDKROOT; };
		94F00F5D1784F396007CFE1C /* CoffeeFinder-Info.plist */ = {isa = PBXFileReference; lastKnownFileType = text.plist.xml; path = "CoffeeFinder-Info.plist"; sourceTree = "<group>"; };
		94F00F5F1784F396007CFE1C /* en */ = {isa = PBXFileReference; lastKnownFileType = text.plist.strings; name = en; path = en.lproj/InfoPlist.strings; sourceTree = "<group>"; };
		94F00F611784F396007CFE1C /* main.m */ = {isa = PBXFileReference; lastKnownFileType = sourcecode.c.objc; path = main.m; sourceTree = "<group>"; };
		94F00F631784F396007CFE1C /* CoffeeFinder-Prefix.pch */ = {isa = PBXFileReference; lastKnownFileType = sourcecode.c.h; path = "CoffeeFinder-Prefix.pch"; sourceTree = "<group>"; };
		94F00F641784F396007CFE1C /* AppDelegate.h */ = {isa = PBXFileReference; lastKnownFileType = sourcecode.c.h; path = AppDelegate.h; sourceTree = "<group>"; };
		94F00F651784F396007CFE1C /* AppDelegate.m */ = {isa = PBXFileReference; lastKnownFileType = sourcecode.c.objc; path = AppDelegate.m; sourceTree = "<group>"; };
		94F00F681784F396007CFE1C /* Base */ = {isa = PBXFileReference; lastKnownFileType = file.storyboard; name = Base; path = Base.lproj/Main.storyboard; sourceTree = "<group>"; };
		94F00F6A1784F396007CFE1C /* MasterViewController.h */ = {isa = PBXFileReference; lastKnownFileType = sourcecode.c.h; path = MasterViewController.h; sourceTree = "<group>"; };
		94F00F6B1784F396007CFE1C /* MasterViewController.m */ = {isa = PBXFileReference; lastKnownFileType = sourcecode.c.objc; path = MasterViewController.m; sourceTree = "<group>"; };
		94F00F6D1784F396007CFE1C /* DetailViewController.h */ = {isa = PBXFileReference; lastKnownFileType = sourcecode.c.h; path = DetailViewController.h; sourceTree = "<group>"; };
		94F00F6E1784F396007CFE1C /* DetailViewController.m */ = {isa = PBXFileReference; lastKnownFileType = sourcecode.c.objc; path = DetailViewController.m; sourceTree = "<group>"; };
		94F00F701784F396007CFE1C /* Images.xcassets */ = {isa = PBXFileReference; lastKnownFileType = folder.assetcatalog; path = Images.xcassets; sourceTree = "<group>"; };
		94F00F761784F396007CFE1C /* CoffeeFinderTests.xctest */ = {isa = PBXFileReference; explicitFileType = wrapper.cfbundle; includeInIndex = 0; path = CoffeeFinderTests.xctest; sourceTree = BUILT_PRODUCTS_DIR; };
		94F00F771784F396007CFE1C /* XCTest.framework */ = {isa = PBXFileReference; lastKnownFileType = wrapper.framework; name = XCTest.framework; path = Library/Frameworks/XCTest.framework; sourceTree = DEVELOPER_DIR; };
		94F00F7F1784F396007CFE1C /* CoffeeFinderTests-Info.plist */ = {isa = PBXFileReference; lastKnownFileType = text.plist.xml; path = "CoffeeFinderTests-Info.plist"; sourceTree = "<group>"; };
		94F00F811784F396007CFE1C /* en */ = {isa = PBXFileReference; lastKnownFileType = text.plist.strings; name = en; path = en.lproj/InfoPlist.strings; sourceTree = "<group>"; };
		94F00F831784F396007CFE1C /* CoffeeFinderTests.m */ = {isa = PBXFileReference; lastKnownFileType = sourcecode.c.objc; path = CoffeeFinderTests.m; sourceTree = "<group>"; };
		94F00F9D1784F4D8007CFE1C /* CFNetwork.framework */ = {isa = PBXFileReference; lastKnownFileType = wrapper.framework; name = CFNetwork.framework; path = System/Library/Frameworks/CFNetwork.framework; sourceTree = SDKROOT; };
		94F00F9F1784F4DE007CFE1C /* CoreData.framework */ = {isa = PBXFileReference; lastKnownFileType = wrapper.framework; name = CoreData.framework; path = System/Library/Frameworks/CoreData.framework; sourceTree = SDKROOT; };
		94F00FA11784F4E9007CFE1C /* libxml2.dylib */ = {isa = PBXFileReference; lastKnownFileType = "compiled.mach-o.dylib"; name = libxml2.dylib; path = usr/lib/libxml2.dylib; sourceTree = SDKROOT; };
		94F00FA31784F4F0007CFE1C /* MobileCoreServices.framework */ = {isa = PBXFileReference; lastKnownFileType = wrapper.framework; name = MobileCoreServices.framework; path = System/Library/Frameworks/MobileCoreServices.framework; sourceTree = SDKROOT; };
		94F00FA51784F5A3007CFE1C /* RestKit.xcodeproj */ = {isa = PBXFileReference; lastKnownFileType = "wrapper.pb-project"; name = RestKit.xcodeproj; path = RestKit/RestKit.xcodeproj; sourceTree = "<group>"; };
		94F00FB61784F601007CFE1C /* Security.framework */ = {isa = PBXFileReference; lastKnownFileType = wrapper.framework; name = Security.framework; path = System/Library/Frameworks/Security.framework; sourceTree = SDKROOT; };
		94F00FB81784F60B007CFE1C /* SystemConfiguration.framework */ = {isa = PBXFileReference; lastKnownFileType = wrapper.framework; name = SystemConfiguration.framework; path = System/Library/Frameworks/SystemConfiguration.framework; sourceTree = SDKROOT; };
		94F00FBA1784F617007CFE1C /* QuartzCore.framework */ = {isa = PBXFileReference; lastKnownFileType = wrapper.framework; name = QuartzCore.framework; path = System/Library/Frameworks/QuartzCore.framework; sourceTree = SDKROOT; };
		94F00FBD1784F86D007CFE1C /* Venue.h */ = {isa = PBXFileReference; lastKnownFileType = sourcecode.c.h; path = Venue.h; sourceTree = "<group>"; };
		94F00FBE1784F86D007CFE1C /* Venue.m */ = {isa = PBXFileReference; lastKnownFileType = sourcecode.c.objc; path = Venue.m; sourceTree = "<group>"; };
		94F00FC017850815007CFE1C /* Location.h */ = {isa = PBXFileReference; fileEncoding = 4; lastKnownFileType = sourcecode.c.h; path = Location.h; sourceTree = "<group>"; };
		94F00FC117850815007CFE1C /* Location.m */ = {isa = PBXFileReference; fileEncoding = 4; lastKnownFileType = sourcecode.c.objc; path = Location.m; sourceTree = "<group>"; };
		94F00FC31785114E007CFE1C /* CoreLocation.framework */ = {isa = PBXFileReference; lastKnownFileType = wrapper.framework; name = CoreLocation.framework; path = System/Library/Frameworks/CoreLocation.framework; sourceTree = SDKROOT; };
/* End PBXFileReference section */

/* Begin PBXFrameworksBuildPhase section */
		94F00F4F1784F395007CFE1C /* Frameworks */ = {
			isa = PBXFrameworksBuildPhase;
			buildActionMask = 2147483647;
			files = (
				94F00FC41785114E007CFE1C /* CoreLocation.framework in Frameworks */,
				94F00FBC1784F66D007CFE1C /* libRestKit.a in Frameworks */,
				94F00FBB1784F617007CFE1C /* QuartzCore.framework in Frameworks */,
				94F00FB91784F60B007CFE1C /* SystemConfiguration.framework in Frameworks */,
				94F00FB71784F601007CFE1C /* Security.framework in Frameworks */,
				94F00FA41784F4F0007CFE1C /* MobileCoreServices.framework in Frameworks */,
				94F00FA21784F4E9007CFE1C /* libxml2.dylib in Frameworks */,
				94F00FA01784F4DE007CFE1C /* CoreData.framework in Frameworks */,
				94F00F9E1784F4D8007CFE1C /* CFNetwork.framework in Frameworks */,
				94F00F581784F396007CFE1C /* CoreGraphics.framework in Frameworks */,
				94F00F5A1784F396007CFE1C /* UIKit.framework in Frameworks */,
				94F00F561784F396007CFE1C /* Foundation.framework in Frameworks */,
			);
			runOnlyForDeploymentPostprocessing = 0;
		};
		94F00F731784F396007CFE1C /* Frameworks */ = {
			isa = PBXFrameworksBuildPhase;
			buildActionMask = 2147483647;
			files = (
				94F00F781784F396007CFE1C /* XCTest.framework in Frameworks */,
				94F00F7A1784F396007CFE1C /* UIKit.framework in Frameworks */,
				94F00F791784F396007CFE1C /* Foundation.framework in Frameworks */,
			);
			runOnlyForDeploymentPostprocessing = 0;
		};
/* End PBXFrameworksBuildPhase section */

/* Begin PBXGroup section */
		94F00F491784F395007CFE1C = {
			isa = PBXGroup;
			children = (
				94F00FA51784F5A3007CFE1C /* RestKit.xcodeproj */,
				94F00F5B1784F396007CFE1C /* CoffeeFinder */,
				94F00F7D1784F396007CFE1C /* CoffeeFinderTests */,
				94F00F541784F396007CFE1C /* Frameworks */,
				94F00F531784F395007CFE1C /* Products */,
			);
			sourceTree = "<group>";
		};
		94F00F531784F395007CFE1C /* Products */ = {
			isa = PBXGroup;
			children = (
				94F00F521784F395007CFE1C /* CoffeeFinder.app */,
				94F00F761784F396007CFE1C /* CoffeeFinderTests.xctest */,
			);
			name = Products;
			sourceTree = "<group>";
		};
		94F00F541784F396007CFE1C /* Frameworks */ = {
			isa = PBXGroup;
			children = (
				94F00FC31785114E007CFE1C /* CoreLocation.framework */,
				94F00FBA1784F617007CFE1C /* QuartzCore.framework */,
				94F00FB81784F60B007CFE1C /* SystemConfiguration.framework */,
				94F00FB61784F601007CFE1C /* Security.framework */,
				94F00FA31784F4F0007CFE1C /* MobileCoreServices.framework */,
				94F00FA11784F4E9007CFE1C /* libxml2.dylib */,
				94F00F9F1784F4DE007CFE1C /* CoreData.framework */,
				94F00F9D1784F4D8007CFE1C /* CFNetwork.framework */,
				94F00F551784F396007CFE1C /* Foundation.framework */,
				94F00F571784F396007CFE1C /* CoreGraphics.framework */,
				94F00F591784F396007CFE1C /* UIKit.framework */,
				94F00F771784F396007CFE1C /* XCTest.framework */,
			);
			name = Frameworks;
			sourceTree = "<group>";
		};
		94F00F5B1784F396007CFE1C /* CoffeeFinder */ = {
			isa = PBXGroup;
			children = (
				94F00F641784F396007CFE1C /* AppDelegate.h */,
				94F00F651784F396007CFE1C /* AppDelegate.m */,
				94F00F671784F396007CFE1C /* Main.storyboard */,
				94F00F6A1784F396007CFE1C /* MasterViewController.h */,
				94F00F6B1784F396007CFE1C /* MasterViewController.m */,
				94F00FBD1784F86D007CFE1C /* Venue.h */,
				94F00FBE1784F86D007CFE1C /* Venue.m */,
				94F00FC017850815007CFE1C /* Location.h */,
				94F00FC117850815007CFE1C /* Location.m */,
				94F00F6D1784F396007CFE1C /* DetailViewController.h */,
				94F00F6E1784F396007CFE1C /* DetailViewController.m */,
				94F00F701784F396007CFE1C /* Images.xcassets */,
				94F00F5C1784F396007CFE1C /* Supporting Files */,
			);
			path = CoffeeFinder;
			sourceTree = "<group>";
		};
		94F00F5C1784F396007CFE1C /* Supporting Files */ = {
			isa = PBXGroup;
			children = (
				94F00F5D1784F396007CFE1C /* CoffeeFinder-Info.plist */,
				94F00F5E1784F396007CFE1C /* InfoPlist.strings */,
				94F00F611784F396007CFE1C /* main.m */,
				94F00F631784F396007CFE1C /* CoffeeFinder-Prefix.pch */,
			);
			name = "Supporting Files";
			sourceTree = "<group>";
		};
		94F00F7D1784F396007CFE1C /* CoffeeFinderTests */ = {
			isa = PBXGroup;
			children = (
				94F00F831784F396007CFE1C /* CoffeeFinderTests.m */,
				94F00F7E1784F396007CFE1C /* Supporting Files */,
			);
			path = CoffeeFinderTests;
			sourceTree = "<group>";
		};
		94F00F7E1784F396007CFE1C /* Supporting Files */ = {
			isa = PBXGroup;
			children = (
				94F00F7F1784F396007CFE1C /* CoffeeFinderTests-Info.plist */,
				94F00F801784F396007CFE1C /* InfoPlist.strings */,
			);
			name = "Supporting Files";
			sourceTree = "<group>";
		};
		94F00FA61784F5A3007CFE1C /* Products */ = {
			isa = PBXGroup;
			children = (
				94F00FAD1784F5A3007CFE1C /* libRestKit.a */,
				94F00FAF1784F5A3007CFE1C /* RestKitTests.octest */,
				94F00FB11784F5A3007CFE1C /* RestKit.framework */,
				94F00FB31784F5A3007CFE1C /* RestKitFrameworkTests.octest */,
			);
			name = Products;
			sourceTree = "<group>";
		};
/* End PBXGroup section */

/* Begin PBXNativeTarget section */
		94F00F511784F395007CFE1C /* CoffeeFinder */ = {
			isa = PBXNativeTarget;
			buildConfigurationList = 94F00F871784F396007CFE1C /* Build configuration list for PBXNativeTarget "CoffeeFinder" */;
			buildPhases = (
				94F00F4E1784F395007CFE1C /* Sources */,
				94F00F4F1784F395007CFE1C /* Frameworks */,
				94F00F501784F395007CFE1C /* Resources */,
			);
			buildRules = (
			);
			dependencies = (
				94F00FB51784F5D1007CFE1C /* PBXTargetDependency */,
			);
			name = CoffeeFinder;
			productName = CoffeeFinder;
			productReference = 94F00F521784F395007CFE1C /* CoffeeFinder.app */;
			productType = "com.apple.product-type.application";
		};
		94F00F751784F396007CFE1C /* CoffeeFinderTests */ = {
			isa = PBXNativeTarget;
			buildConfigurationList = 94F00F8A1784F396007CFE1C /* Build configuration list for PBXNativeTarget "CoffeeFinderTests" */;
			buildPhases = (
				94F00F721784F396007CFE1C /* Sources */,
				94F00F731784F396007CFE1C /* Frameworks */,
				94F00F741784F396007CFE1C /* Resources */,
			);
			buildRules = (
			);
			dependencies = (
				94F00F7C1784F396007CFE1C /* PBXTargetDependency */,
			);
			name = CoffeeFinderTests;
			productName = CoffeeFinderTests;
			productReference = 94F00F761784F396007CFE1C /* CoffeeFinderTests.xctest */;
			productType = "com.apple.product-type.bundle.unit-test";
		};
/* End PBXNativeTarget section */

/* Begin PBXProject section */
		94F00F4A1784F395007CFE1C /* Project object */ = {
			isa = PBXProject;
			attributes = {
				LastUpgradeCheck = 0500;
				ORGANIZATIONNAME = "Richard Murvai";
				TargetAttributes = {
					94F00F751784F396007CFE1C = {
						TestTargetID = 94F00F511784F395007CFE1C;
					};
				};
			};
			buildConfigurationList = 94F00F4D1784F395007CFE1C /* Build configuration list for PBXProject "CoffeeFinder" */;
			compatibilityVersion = "Xcode 3.2";
			developmentRegion = English;
			hasScannedForEncodings = 0;
			knownRegions = (
				en,
				Base,
			);
			mainGroup = 94F00F491784F395007CFE1C;
			productRefGroup = 94F00F531784F395007CFE1C /* Products */;
			projectDirPath = "";
			projectReferences = (
				{
					ProductGroup = 94F00FA61784F5A3007CFE1C /* Products */;
					ProjectRef = 94F00FA51784F5A3007CFE1C /* RestKit.xcodeproj */;
				},
			);
			projectRoot = "";
			targets = (
				94F00F511784F395007CFE1C /* CoffeeFinder */,
				94F00F751784F396007CFE1C /* CoffeeFinderTests */,
			);
		};
/* End PBXProject section */

/* Begin PBXReferenceProxy section */
		94F00FAD1784F5A3007CFE1C /* libRestKit.a */ = {
			isa = PBXReferenceProxy;
			fileType = archive.ar;
			path = libRestKit.a;
			remoteRef = 94F00FAC1784F5A3007CFE1C /* PBXContainerItemProxy */;
			sourceTree = BUILT_PRODUCTS_DIR;
		};
		94F00FAF1784F5A3007CFE1C /* RestKitTests.octest */ = {
			isa = PBXReferenceProxy;
			fileType = wrapper.cfbundle;
			path = RestKitTests.octest;
			remoteRef = 94F00FAE1784F5A3007CFE1C /* PBXContainerItemProxy */;
			sourceTree = BUILT_PRODUCTS_DIR;
		};
		94F00FB11784F5A3007CFE1C /* RestKit.framework */ = {
			isa = PBXReferenceProxy;
			fileType = wrapper.framework;
			path = RestKit.framework;
			remoteRef = 94F00FB01784F5A3007CFE1C /* PBXContainerItemProxy */;
			sourceTree = BUILT_PRODUCTS_DIR;
		};
		94F00FB31784F5A3007CFE1C /* RestKitFrameworkTests.octest */ = {
			isa = PBXReferenceProxy;
			fileType = wrapper.cfbundle;
			path = RestKitFrameworkTests.octest;
			remoteRef = 94F00FB21784F5A3007CFE1C /* PBXContainerItemProxy */;
			sourceTree = BUILT_PRODUCTS_DIR;
		};
/* End PBXReferenceProxy section */

/* Begin PBXResourcesBuildPhase section */
		94F00F501784F395007CFE1C /* Resources */ = {
			isa = PBXResourcesBuildPhase;
			buildActionMask = 2147483647;
			files = (
				94F00F711784F396007CFE1C /* Images.xcassets in Resources */,
				94F00F601784F396007CFE1C /* InfoPlist.strings in Resources */,
				94F00F691784F396007CFE1C /* Main.storyboard in Resources */,
			);
			runOnlyForDeploymentPostprocessing = 0;
		};
		94F00F741784F396007CFE1C /* Resources */ = {
			isa = PBXResourcesBuildPhase;
			buildActionMask = 2147483647;
			files = (
				94F00F821784F396007CFE1C /* InfoPlist.strings in Resources */,
			);
			runOnlyForDeploymentPostprocessing = 0;
		};
/* End PBXResourcesBuildPhase section */

/* Begin PBXSourcesBuildPhase section */
		94F00F4E1784F395007CFE1C /* Sources */ = {
			isa = PBXSourcesBuildPhase;
			buildActionMask = 2147483647;
			files = (
				94F00FBF1784F87B007CFE1C /* Venue.m in Sources */,
				94F00F661784F396007CFE1C /* AppDelegate.m in Sources */,
				94F00F6C1784F396007CFE1C /* MasterViewController.m in Sources */,
				94F00F621784F396007CFE1C /* main.m in Sources */,
				94F00FC217850815007CFE1C /* Location.m in Sources */,
				94F00F6F1784F396007CFE1C /* DetailViewController.m in Sources */,
			);
			runOnlyForDeploymentPostprocessing = 0;
		};
		94F00F721784F396007CFE1C /* Sources */ = {
			isa = PBXSourcesBuildPhase;
			buildActionMask = 2147483647;
			files = (
				94F00F841784F396007CFE1C /* CoffeeFinderTests.m in Sources */,
			);
			runOnlyForDeploymentPostprocessing = 0;
		};
/* End PBXSourcesBuildPhase section */

/* Begin PBXTargetDependency section */
		94F00F7C1784F396007CFE1C /* PBXTargetDependency */ = {
			isa = PBXTargetDependency;
			target = 94F00F511784F395007CFE1C /* CoffeeFinder */;
			targetProxy = 94F00F7B1784F396007CFE1C /* PBXContainerItemProxy */;
		};
		94F00FB51784F5D1007CFE1C /* PBXTargetDependency */ = {
			isa = PBXTargetDependency;
			name = RestKit;
			targetProxy = 94F00FB41784F5D1007CFE1C /* PBXContainerItemProxy */;
		};
/* End PBXTargetDependency section */

/* Begin PBXVariantGroup section */
		94F00F5E1784F396007CFE1C /* InfoPlist.strings */ = {
			isa = PBXVariantGroup;
			children = (
				94F00F5F1784F396007CFE1C /* en */,
			);
			name = InfoPlist.strings;
			sourceTree = "<group>";
		};
		94F00F671784F396007CFE1C /* Main.storyboard */ = {
			isa = PBXVariantGroup;
			children = (
				94F00F681784F396007CFE1C /* Base */,
			);
			name = Main.storyboard;
			sourceTree = "<group>";
		};
		94F00F801784F396007CFE1C /* InfoPlist.strings */ = {
			isa = PBXVariantGroup;
			children = (
				94F00F811784F396007CFE1C /* en */,
			);
			name = InfoPlist.strings;
			sourceTree = "<group>";
		};
/* End PBXVariantGroup section */

/* Begin XCBuildConfiguration section */
		94F00F851784F396007CFE1C /* Debug */ = {
			isa = XCBuildConfiguration;
			buildSettings = {
				ALWAYS_SEARCH_USER_PATHS = NO;
				CLANG_CXX_LANGUAGE_STANDARD = "gnu++0x";
				CLANG_CXX_LIBRARY = "libc++";
				CLANG_ENABLE_MODULES = YES;
				CLANG_ENABLE_OBJC_ARC = YES;
				CLANG_WARN_BOOL_CONVERSION = YES;
				CLANG_WARN_CONSTANT_CONVERSION = YES;
				CLANG_WARN_DIRECT_OBJC_ISA_USAGE = YES_ERROR;
				CLANG_WARN_EMPTY_BODY = YES;
				CLANG_WARN_ENUM_CONVERSION = YES;
				CLANG_WARN_INT_CONVERSION = YES;
				CLANG_WARN_OBJC_ROOT_CLASS = YES_ERROR;
				CLANG_WARN__DUPLICATE_METHOD_MATCH = YES;
				"CODE_SIGN_IDENTITY[sdk=iphoneos*]" = "iPhone Developer";
				COPY_PHASE_STRIP = NO;
				GCC_C_LANGUAGE_STANDARD = gnu99;
				GCC_DYNAMIC_NO_PIC = NO;
				GCC_OPTIMIZATION_LEVEL = 0;
				GCC_PREPROCESSOR_DEFINITIONS = (
					"DEBUG=1",
					"$(inherited)",
				);
				GCC_SYMBOLS_PRIVATE_EXTERN = NO;
				GCC_WARN_ABOUT_RETURN_TYPE = YES_ERROR;
				GCC_WARN_UNDECLARED_SELECTOR = YES;
				GCC_WARN_UNINITIALIZED_AUTOS = YES;
				GCC_WARN_UNUSED_FUNCTION = YES;
				GCC_WARN_UNUSED_VARIABLE = YES;
				IPHONEOS_DEPLOYMENT_TARGET = 7.0;
				ONLY_ACTIVE_ARCH = YES;
				SDKROOT = iphoneos;
			};
			name = Debug;
		};
		94F00F861784F396007CFE1C /* Release */ = {
			isa = XCBuildConfiguration;
			buildSettings = {
				ALWAYS_SEARCH_USER_PATHS = NO;
				CLANG_CXX_LANGUAGE_STANDARD = "gnu++0x";
				CLANG_CXX_LIBRARY = "libc++";
				CLANG_ENABLE_MODULES = YES;
				CLANG_ENABLE_OBJC_ARC = YES;
				CLANG_WARN_BOOL_CONVERSION = YES;
				CLANG_WARN_CONSTANT_CONVERSION = YES;
				CLANG_WARN_DIRECT_OBJC_ISA_USAGE = YES_ERROR;
				CLANG_WARN_EMPTY_BODY = YES;
				CLANG_WARN_ENUM_CONVERSION = YES;
				CLANG_WARN_INT_CONVERSION = YES;
				CLANG_WARN_OBJC_ROOT_CLASS = YES_ERROR;
				CLANG_WARN__DUPLICATE_METHOD_MATCH = YES;
				"CODE_SIGN_IDENTITY[sdk=iphoneos*]" = "iPhone Developer";
				COPY_PHASE_STRIP = YES;
				ENABLE_NS_ASSERTIONS = NO;
				GCC_C_LANGUAGE_STANDARD = gnu99;
				GCC_WARN_ABOUT_RETURN_TYPE = YES_ERROR;
				GCC_WARN_UNDECLARED_SELECTOR = YES;
				GCC_WARN_UNINITIALIZED_AUTOS = YES;
				GCC_WARN_UNUSED_FUNCTION = YES;
				GCC_WARN_UNUSED_VARIABLE = YES;
				IPHONEOS_DEPLOYMENT_TARGET = 7.0;
				SDKROOT = iphoneos;
				VALIDATE_PRODUCT = YES;
			};
			name = Release;
		};
		94F00F881784F396007CFE1C /* Debug */ = {
			isa = XCBuildConfiguration;
			buildSettings = {
				ASSETCATALOG_COMPILER_APPICON_NAME = AppIcon;
				ASSETCATALOG_COMPILER_LAUNCHIMAGE_NAME = LaunchImage;
				GCC_PRECOMPILE_PREFIX_HEADER = YES;
				GCC_PREFIX_HEADER = "CoffeeFinder/CoffeeFinder-Prefix.pch";
				HEADER_SEARCH_PATHS = "\"$(BUILT_PRODUCTS_DIR)/../../Headers\"";
				INFOPLIST_FILE = "CoffeeFinder/CoffeeFinder-Info.plist";
				OTHER_LDFLAGS = "-ObjC";
				PRODUCT_NAME = "$(TARGET_NAME)";
				WRAPPER_EXTENSION = app;
			};
			name = Debug;
		};
		94F00F891784F396007CFE1C /* Release */ = {
			isa = XCBuildConfiguration;
			buildSettings = {
				ASSETCATALOG_COMPILER_APPICON_NAME = AppIcon;
				ASSETCATALOG_COMPILER_LAUNCHIMAGE_NAME = LaunchImage;
				GCC_PRECOMPILE_PREFIX_HEADER = YES;
				GCC_PREFIX_HEADER = "CoffeeFinder/CoffeeFinder-Prefix.pch";
				HEADER_SEARCH_PATHS = "\"$(BUILT_PRODUCTS_DIR)/../../Headers\"";
				INFOPLIST_FILE = "CoffeeFinder/CoffeeFinder-Info.plist";
				OTHER_LDFLAGS = "-ObjC";
				PRODUCT_NAME = "$(TARGET_NAME)";
				WRAPPER_EXTENSION = app;
			};
			name = Release;
		};
		94F00F8B1784F396007CFE1C /* Debug */ = {
			isa = XCBuildConfiguration;
			buildSettings = {
				BUNDLE_LOADER = "$(BUILT_PRODUCTS_DIR)/CoffeeFinder.app/CoffeeFinder";
				FRAMEWORK_SEARCH_PATHS = (
					"$(SDKROOT)/Developer/Library/Frameworks",
					"$(inherited)",
					"$(SYSTEM_APPS_DIR)/Xcode5-DP2.app/Contents/Developer/Library/Frameworks",
				);
				GCC_PRECOMPILE_PREFIX_HEADER = YES;
				GCC_PREFIX_HEADER = "CoffeeFinder/CoffeeFinder-Prefix.pch";
				GCC_PREPROCESSOR_DEFINITIONS = (
					"DEBUG=1",
					"$(inherited)",
				);
				INFOPLIST_FILE = "CoffeeFinderTests/CoffeeFinderTests-Info.plist";
				PRODUCT_NAME = "$(TARGET_NAME)";
				TEST_HOST = "$(BUNDLE_LOADER)";
				WRAPPER_EXTENSION = xctest;
			};
			name = Debug;
		};
		94F00F8C1784F396007CFE1C /* Release */ = {
			isa = XCBuildConfiguration;
			buildSettings = {
				BUNDLE_LOADER = "$(BUILT_PRODUCTS_DIR)/CoffeeFinder.app/CoffeeFinder";
				FRAMEWORK_SEARCH_PATHS = (
					"$(SDKROOT)/Developer/Library/Frameworks",
					"$(inherited)",
					"$(SYSTEM_APPS_DIR)/Xcode5-DP2.app/Contents/Developer/Library/Frameworks",
				);
				GCC_PRECOMPILE_PREFIX_HEADER = YES;
				GCC_PREFIX_HEADER = "CoffeeFinder/CoffeeFinder-Prefix.pch";
				INFOPLIST_FILE = "CoffeeFinderTests/CoffeeFinderTests-Info.plist";
				PRODUCT_NAME = "$(TARGET_NAME)";
				TEST_HOST = "$(BUNDLE_LOADER)";
				WRAPPER_EXTENSION = xctest;
			};
			name = Release;
		};
/* End XCBuildConfiguration section */

/* Begin XCConfigurationList section */
		94F00F4D1784F395007CFE1C /* Build configuration list for PBXProject "CoffeeFinder" */ = {
			isa = XCConfigurationList;
			buildConfigurations = (
				94F00F851784F396007CFE1C /* Debug */,
				94F00F861784F396007CFE1C /* Release */,
			);
			defaultConfigurationIsVisible = 0;
			defaultConfigurationName = Release;
		};
		94F00F871784F396007CFE1C /* Build configuration list for PBXNativeTarget "CoffeeFinder" */ = {
			isa = XCConfigurationList;
			buildConfigurations = (
				94F00F881784F396007CFE1C /* Debug */,
				94F00F891784F396007CFE1C /* Release */,
			);
			defaultConfigurationIsVisible = 0;
			defaultConfigurationName = Release;
		};
		94F00F8A1784F396007CFE1C /* Build configuration list for PBXNativeTarget "CoffeeFinderTests" */ = {
			isa = XCConfigurationList;
			buildConfigurations = (
				94F00F8B1784F396007CFE1C /* Debug */,
				94F00F8C1784F396007CFE1C /* Release */,
			);
			defaultConfigurationIsVisible = 0;
			defaultConfigurationName = Release;
		};
/* End XCConfigurationList section */
	};
	rootObject = 94F00F4A1784F395007CFE1C /* Project object */;
}
